Microsoft Visual Studio Solution File, Format Version 12.00
# Visual Studio 14
Project("{8BC9CEB8-8B4A-11D0-8D11-00A0C91BC942}") = "ALL_BUILD", "ALL_BUILD.vcxproj", "{9536ADCF-342B-3C2B-896C-09292B391689}"
	ProjectSection(ProjectDependencies) = postProject
		{1A8BB26B-DCE2-3D65-97D4-C408D9826CAE} = {1A8BB26B-DCE2-3D65-97D4-C408D9826CAE}
	EndProjectSection
EndProject
Project("{8BC9CEB8-8B4A-11D0-8D11-00A0C91BC942}") = "INSTALL", "INSTALL.vcxproj", "{620E799C-8EC0-33B2-87A7-7518B954BEC4}"
	ProjectSection(ProjectDependencies) = postProject
		{9536ADCF-342B-3C2B-896C-09292B391689} = {9536ADCF-342B-3C2B-896C-09292B391689}
		{1A8BB26B-DCE2-3D65-97D4-C408D9826CAE} = {1A8BB26B-DCE2-3D65-97D4-C408D9826CAE}
	EndProjectSection
EndProject
Project("{8BC9CEB8-8B4A-11D0-8D11-00A0C91BC942}") = "ZERO_CHECK", "..\..\\ZERO_CHECK.vcxproj", "{1A8BB26B-DCE2-3D65-97D4-C408D9826CAE}"
	ProjectSection(ProjectDependencies) = postProject
	EndProjectSection
EndProject
Global
	GlobalSection(SolutionConfigurationPlatforms) = preSolution
		Debug|Win32 = Debug|Win32
		Release|Win32 = Release|Win32
		MinSizeRel|Win32 = MinSizeRel|Win32
		RelWithDebInfo|Win32 = RelWithDebInfo|Win32
	EndGlobalSection
	GlobalSection(ProjectConfigurationPlatforms) = postSolution
		{9536ADCF-342B-3C2B-896C-09292B391689}.Debug|Win32.ActiveCfg = Debug|Win32
		{9536ADCF-342B-3C2B-896C-09292B391689}.Debug|Win32.Build.0 = Debug|Win32
		{9536ADCF-342B-3C2B-896C-09292B391689}.Release|Win32.ActiveCfg = Release|Win32
		{9536ADCF-342B-3C2B-896C-09292B391689}.Release|Win32.Build.0 = Release|Win32
		{9536ADCF-342B-3C2B-896C-09292B391689}.MinSizeRel|Win32.ActiveCfg = MinSizeRel|Win32
		{9536ADCF-342B-3C2B-896C-09292B391689}.MinSizeRel|Win32.Build.0 = MinSizeRel|Win32
		{9536ADCF-342B-3C2B-896C-09292B391689}.RelWithDebInfo|Win32.ActiveCfg = RelWithDebInfo|Win32
		{9536ADCF-342B-3C2B-896C-09292B391689}.RelWithDebInfo|Win32.Build.0 = RelWithDebInfo|Win32
		{620E799C-8EC0-33B2-87A7-7518B954BEC4}.Debug|Win32.ActiveCfg = Debug|Win32
		{620E799C-8EC0-33B2-87A7-7518B954BEC4}.Release|Win32.ActiveCfg = Release|Win32
		{620E799C-8EC0-33B2-87A7-7518B954BEC4}.MinSizeRel|Win32.ActiveCfg = MinSizeRel|Win32
		{620E799C-8EC0-33B2-87A7-7518B954BEC4}.RelWithDebInfo|Win32.ActiveCfg = RelWithDebInfo|Win32
		{1A8BB26B-DCE2-3D65-97D4-C408D9826CAE}.Debug|Win32.ActiveCfg = Debug|Win32
		{1A8BB26B-DCE2-3D65-97D4-C408D9826CAE}.Debug|Win32.Build.0 = Debug|Win32
		{1A8BB26B-DCE2-3D65-97D4-C408D9826CAE}.Release|Win32.ActiveCfg = Release|Win32
		{1A8BB26B-DCE2-3D65-97D4-C408D9826CAE}.Release|Win32.Build.0 = Release|Win32
		{1A8BB26B-DCE2-3D65-97D4-C408D9826CAE}.MinSizeRel|Win32.ActiveCfg = MinSizeRel|Win32
		{1A8BB26B-DCE2-3D65-97D4-C408D9826CAE}.MinSizeRel|Win32.Build.0 = MinSizeRel|Win32
		{1A8BB26B-DCE2-3D65-97D4-C408D9826CAE}.RelWithDebInfo|Win32.ActiveCfg = RelWithDebInfo|Win32
		{1A8BB26B-DCE2-3D65-97D4-C408D9826CAE}.RelWithDebInfo|Win32.Build.0 = RelWithDebInfo|Win32
	EndGlobalSection
	GlobalSection(ExtensibilityGlobals) = postSolution
		SolutionGuid = {1A7C872F-B1BE-385D-A0E3-6D0B0D3231B9}
	EndGlobalSection
	GlobalSection(ExtensibilityAddIns) = postSolution
	EndGlobalSection
EndGlobal
