<?xml version="1.0" encoding="utf-8"?>
<Project ToolsVersion="14.0" xmlns="http://schemas.microsoft.com/developer/msbuild/2003">
  <ItemGroup>
    <CustomBuild Include="C:\Work\rco\Src\Extern\openal-soft\build_vs2015_x86\CMakeFiles\f3b5cd8b40cb7fc1bfe81f08c174fe22\INSTALL_force.rule">
      <Filter>CMake Rules</Filter>
    </CustomBuild>
  </ItemGroup>
  <ItemGroup>
    <Filter Include="CMake Rules">
      <UniqueIdentifier>{80A40F6E-00A3-3852-AE7D-A01BC9DF3E4F}</UniqueIdentifier>
    </Filter>
  </ItemGroup>
</Project>
