Microsoft Visual Studio Solution File, Format Version 12.00
# Visual Studio 14
Project("{8BC9CEB8-8B4A-11D0-8D11-00A0C91BC942}") = "ALL_BUILD", "ALL_BUILD.vcxproj", "{5A8A1F04-9F41-3FDF-B918-58F8AE64ACCF}"
	ProjectSection(ProjectDependencies) = postProject
		{A58FD053-6393-3025-97AB-1F63F20367B8} = {A58FD053-6393-3025-97AB-1F63F20367B8}
		{3117EBF8-E687-3934-A0A2-33886FD49C31} = {3117EBF8-E687-3934-A0A2-33886FD49C31}
		{3B37D79C-509A-3B2C-B9B9-6034CFD936E8} = {3B37D79C-509A-3B2C-B9B9-6034CFD936E8}
		{0A89D35F-BA97-3E4D-8F51-118EE4F92486} = {0A89D35F-BA97-3E4D-8F51-118EE4F92486}
		{7CEE7C74-426D-3AA8-8C29-BACC27C53A8C} = {7CEE7C74-426D-3AA8-8C29-BACC27C53A8C}
		{D1C2BFC5-54F0-3991-AB7D-576B94C9A08A} = {D1C2BFC5-54F0-3991-AB7D-576B94C9A08A}
		{E97C3DE4-77D0-3D8A-A62B-2E9310952CDA} = {E97C3DE4-77D0-3D8A-A62B-2E9310952CDA}
		{09CFE0BE-9DCA-37EC-B841-B2E000D3AD54} = {09CFE0BE-9DCA-37EC-B841-B2E000D3AD54}
	EndProjectSection
EndProject
Project("{8BC9CEB8-8B4A-11D0-8D11-00A0C91BC942}") = "INSTALL", "INSTALL.vcxproj", "{6A7BF226-FDE0-300A-8379-DB6BF12EC529}"
	ProjectSection(ProjectDependencies) = postProject
		{5A8A1F04-9F41-3FDF-B918-58F8AE64ACCF} = {5A8A1F04-9F41-3FDF-B918-58F8AE64ACCF}
		{3117EBF8-E687-3934-A0A2-33886FD49C31} = {3117EBF8-E687-3934-A0A2-33886FD49C31}
	EndProjectSection
EndProject
Project("{8BC9CEB8-8B4A-11D0-8D11-00A0C91BC942}") = "OpenAL32", "OpenAL32.vcxproj", "{A58FD053-6393-3025-97AB-1F63F20367B8}"
	ProjectSection(ProjectDependencies) = postProject
		{3117EBF8-E687-3934-A0A2-33886FD49C31} = {3117EBF8-E687-3934-A0A2-33886FD49C31}
		{7CEE7C74-426D-3AA8-8C29-BACC27C53A8C} = {7CEE7C74-426D-3AA8-8C29-BACC27C53A8C}
	EndProjectSection
EndProject
Project("{8BC9CEB8-8B4A-11D0-8D11-00A0C91BC942}") = "ZERO_CHECK", "ZERO_CHECK.vcxproj", "{3117EBF8-E687-3934-A0A2-33886FD49C31}"
	ProjectSection(ProjectDependencies) = postProject
	EndProjectSection
EndProject
Project("{8BC9CEB8-8B4A-11D0-8D11-00A0C91BC942}") = "altonegen", "altonegen.vcxproj", "{3B37D79C-509A-3B2C-B9B9-6034CFD936E8}"
	ProjectSection(ProjectDependencies) = postProject
		{A58FD053-6393-3025-97AB-1F63F20367B8} = {A58FD053-6393-3025-97AB-1F63F20367B8}
		{3117EBF8-E687-3934-A0A2-33886FD49C31} = {3117EBF8-E687-3934-A0A2-33886FD49C31}
		{7CEE7C74-426D-3AA8-8C29-BACC27C53A8C} = {7CEE7C74-426D-3AA8-8C29-BACC27C53A8C}
		{09CFE0BE-9DCA-37EC-B841-B2E000D3AD54} = {09CFE0BE-9DCA-37EC-B841-B2E000D3AD54}
	EndProjectSection
EndProject
Project("{8BC9CEB8-8B4A-11D0-8D11-00A0C91BC942}") = "bsincgen", "bsincgen.vcxproj", "{0A89D35F-BA97-3E4D-8F51-118EE4F92486}"
	ProjectSection(ProjectDependencies) = postProject
		{3117EBF8-E687-3934-A0A2-33886FD49C31} = {3117EBF8-E687-3934-A0A2-33886FD49C31}
	EndProjectSection
EndProject
Project("{8BC9CEB8-8B4A-11D0-8D11-00A0C91BC942}") = "common", "common.vcxproj", "{7CEE7C74-426D-3AA8-8C29-BACC27C53A8C}"
	ProjectSection(ProjectDependencies) = postProject
		{3117EBF8-E687-3934-A0A2-33886FD49C31} = {3117EBF8-E687-3934-A0A2-33886FD49C31}
	EndProjectSection
EndProject
Project("{8BC9CEB8-8B4A-11D0-8D11-00A0C91BC942}") = "makehrtf", "makehrtf.vcxproj", "{D1C2BFC5-54F0-3991-AB7D-576B94C9A08A}"
	ProjectSection(ProjectDependencies) = postProject
		{3117EBF8-E687-3934-A0A2-33886FD49C31} = {3117EBF8-E687-3934-A0A2-33886FD49C31}
	EndProjectSection
EndProject
Project("{8BC9CEB8-8B4A-11D0-8D11-00A0C91BC942}") = "openal-info", "openal-info.vcxproj", "{E97C3DE4-77D0-3D8A-A62B-2E9310952CDA}"
	ProjectSection(ProjectDependencies) = postProject
		{A58FD053-6393-3025-97AB-1F63F20367B8} = {A58FD053-6393-3025-97AB-1F63F20367B8}
		{3117EBF8-E687-3934-A0A2-33886FD49C31} = {3117EBF8-E687-3934-A0A2-33886FD49C31}
		{7CEE7C74-426D-3AA8-8C29-BACC27C53A8C} = {7CEE7C74-426D-3AA8-8C29-BACC27C53A8C}
	EndProjectSection
EndProject
Project("{8BC9CEB8-8B4A-11D0-8D11-00A0C91BC942}") = "test-common", "test-common.vcxproj", "{09CFE0BE-9DCA-37EC-B841-B2E000D3AD54}"
	ProjectSection(ProjectDependencies) = postProject
		{3117EBF8-E687-3934-A0A2-33886FD49C31} = {3117EBF8-E687-3934-A0A2-33886FD49C31}
	EndProjectSection
EndProject
Global
	GlobalSection(SolutionConfigurationPlatforms) = preSolution
		Debug|Win32 = Debug|Win32
		Release|Win32 = Release|Win32
		MinSizeRel|Win32 = MinSizeRel|Win32
		RelWithDebInfo|Win32 = RelWithDebInfo|Win32
	EndGlobalSection
	GlobalSection(ProjectConfigurationPlatforms) = postSolution
		{5A8A1F04-9F41-3FDF-B918-58F8AE64ACCF}.Debug|Win32.ActiveCfg = Debug|Win32
		{5A8A1F04-9F41-3FDF-B918-58F8AE64ACCF}.Debug|Win32.Build.0 = Debug|Win32
		{5A8A1F04-9F41-3FDF-B918-58F8AE64ACCF}.Release|Win32.ActiveCfg = Release|Win32
		{5A8A1F04-9F41-3FDF-B918-58F8AE64ACCF}.Release|Win32.Build.0 = Release|Win32
		{5A8A1F04-9F41-3FDF-B918-58F8AE64ACCF}.MinSizeRel|Win32.ActiveCfg = MinSizeRel|Win32
		{5A8A1F04-9F41-3FDF-B918-58F8AE64ACCF}.MinSizeRel|Win32.Build.0 = MinSizeRel|Win32
		{5A8A1F04-9F41-3FDF-B918-58F8AE64ACCF}.RelWithDebInfo|Win32.ActiveCfg = RelWithDebInfo|Win32
		{5A8A1F04-9F41-3FDF-B918-58F8AE64ACCF}.RelWithDebInfo|Win32.Build.0 = RelWithDebInfo|Win32
		{6A7BF226-FDE0-300A-8379-DB6BF12EC529}.Debug|Win32.ActiveCfg = Debug|Win32
		{6A7BF226-FDE0-300A-8379-DB6BF12EC529}.Release|Win32.ActiveCfg = Release|Win32
		{6A7BF226-FDE0-300A-8379-DB6BF12EC529}.MinSizeRel|Win32.ActiveCfg = MinSizeRel|Win32
		{6A7BF226-FDE0-300A-8379-DB6BF12EC529}.RelWithDebInfo|Win32.ActiveCfg = RelWithDebInfo|Win32
		{A58FD053-6393-3025-97AB-1F63F20367B8}.Debug|Win32.ActiveCfg = Debug|Win32
		{A58FD053-6393-3025-97AB-1F63F20367B8}.Debug|Win32.Build.0 = Debug|Win32
		{A58FD053-6393-3025-97AB-1F63F20367B8}.Release|Win32.ActiveCfg = Release|Win32
		{A58FD053-6393-3025-97AB-1F63F20367B8}.Release|Win32.Build.0 = Release|Win32
		{A58FD053-6393-3025-97AB-1F63F20367B8}.MinSizeRel|Win32.ActiveCfg = MinSizeRel|Win32
		{A58FD053-6393-3025-97AB-1F63F20367B8}.MinSizeRel|Win32.Build.0 = MinSizeRel|Win32
		{A58FD053-6393-3025-97AB-1F63F20367B8}.RelWithDebInfo|Win32.ActiveCfg = RelWithDebInfo|Win32
		{A58FD053-6393-3025-97AB-1F63F20367B8}.RelWithDebInfo|Win32.Build.0 = RelWithDebInfo|Win32
		{3117EBF8-E687-3934-A0A2-33886FD49C31}.Debug|Win32.ActiveCfg = Debug|Win32
		{3117EBF8-E687-3934-A0A2-33886FD49C31}.Debug|Win32.Build.0 = Debug|Win32
		{3117EBF8-E687-3934-A0A2-33886FD49C31}.Release|Win32.ActiveCfg = Release|Win32
		{3117EBF8-E687-3934-A0A2-33886FD49C31}.Release|Win32.Build.0 = Release|Win32
		{3117EBF8-E687-3934-A0A2-33886FD49C31}.MinSizeRel|Win32.ActiveCfg = MinSizeRel|Win32
		{3117EBF8-E687-3934-A0A2-33886FD49C31}.MinSizeRel|Win32.Build.0 = MinSizeRel|Win32
		{3117EBF8-E687-3934-A0A2-33886FD49C31}.RelWithDebInfo|Win32.ActiveCfg = RelWithDebInfo|Win32
		{3117EBF8-E687-3934-A0A2-33886FD49C31}.RelWithDebInfo|Win32.Build.0 = RelWithDebInfo|Win32
		{3B37D79C-509A-3B2C-B9B9-6034CFD936E8}.Debug|Win32.ActiveCfg = Debug|Win32
		{3B37D79C-509A-3B2C-B9B9-6034CFD936E8}.Debug|Win32.Build.0 = Debug|Win32
		{3B37D79C-509A-3B2C-B9B9-6034CFD936E8}.Release|Win32.ActiveCfg = Release|Win32
		{3B37D79C-509A-3B2C-B9B9-6034CFD936E8}.Release|Win32.Build.0 = Release|Win32
		{3B37D79C-509A-3B2C-B9B9-6034CFD936E8}.MinSizeRel|Win32.ActiveCfg = MinSizeRel|Win32
		{3B37D79C-509A-3B2C-B9B9-6034CFD936E8}.MinSizeRel|Win32.Build.0 = MinSizeRel|Win32
		{3B37D79C-509A-3B2C-B9B9-6034CFD936E8}.RelWithDebInfo|Win32.ActiveCfg = RelWithDebInfo|Win32
		{3B37D79C-509A-3B2C-B9B9-6034CFD936E8}.RelWithDebInfo|Win32.Build.0 = RelWithDebInfo|Win32
		{0A89D35F-BA97-3E4D-8F51-118EE4F92486}.Debug|Win32.ActiveCfg = Debug|Win32
		{0A89D35F-BA97-3E4D-8F51-118EE4F92486}.Debug|Win32.Build.0 = Debug|Win32
		{0A89D35F-BA97-3E4D-8F51-118EE4F92486}.Release|Win32.ActiveCfg = Release|Win32
		{0A89D35F-BA97-3E4D-8F51-118EE4F92486}.Release|Win32.Build.0 = Release|Win32
		{0A89D35F-BA97-3E4D-8F51-118EE4F92486}.MinSizeRel|Win32.ActiveCfg = MinSizeRel|Win32
		{0A89D35F-BA97-3E4D-8F51-118EE4F92486}.MinSizeRel|Win32.Build.0 = MinSizeRel|Win32
		{0A89D35F-BA97-3E4D-8F51-118EE4F92486}.RelWithDebInfo|Win32.ActiveCfg = RelWithDebInfo|Win32
		{0A89D35F-BA97-3E4D-8F51-118EE4F92486}.RelWithDebInfo|Win32.Build.0 = RelWithDebInfo|Win32
		{7CEE7C74-426D-3AA8-8C29-BACC27C53A8C}.Debug|Win32.ActiveCfg = Debug|Win32
		{7CEE7C74-426D-3AA8-8C29-BACC27C53A8C}.Debug|Win32.Build.0 = Debug|Win32
		{7CEE7C74-426D-3AA8-8C29-BACC27C53A8C}.Release|Win32.ActiveCfg = Release|Win32
		{7CEE7C74-426D-3AA8-8C29-BACC27C53A8C}.Release|Win32.Build.0 = Release|Win32
		{7CEE7C74-426D-3AA8-8C29-BACC27C53A8C}.MinSizeRel|Win32.ActiveCfg = MinSizeRel|Win32
		{7CEE7C74-426D-3AA8-8C29-BACC27C53A8C}.MinSizeRel|Win32.Build.0 = MinSizeRel|Win32
		{7CEE7C74-426D-3AA8-8C29-BACC27C53A8C}.RelWithDebInfo|Win32.ActiveCfg = RelWithDebInfo|Win32
		{7CEE7C74-426D-3AA8-8C29-BACC27C53A8C}.RelWithDebInfo|Win32.Build.0 = RelWithDebInfo|Win32
		{D1C2BFC5-54F0-3991-AB7D-576B94C9A08A}.Debug|Win32.ActiveCfg = Debug|Win32
		{D1C2BFC5-54F0-3991-AB7D-576B94C9A08A}.Debug|Win32.Build.0 = Debug|Win32
		{D1C2BFC5-54F0-3991-AB7D-576B94C9A08A}.Release|Win32.ActiveCfg = Release|Win32
		{D1C2BFC5-54F0-3991-AB7D-576B94C9A08A}.Release|Win32.Build.0 = Release|Win32
		{D1C2BFC5-54F0-3991-AB7D-576B94C9A08A}.MinSizeRel|Win32.ActiveCfg = MinSizeRel|Win32
		{D1C2BFC5-54F0-3991-AB7D-576B94C9A08A}.MinSizeRel|Win32.Build.0 = MinSizeRel|Win32
		{D1C2BFC5-54F0-3991-AB7D-576B94C9A08A}.RelWithDebInfo|Win32.ActiveCfg = RelWithDebInfo|Win32
		{D1C2BFC5-54F0-3991-AB7D-576B94C9A08A}.RelWithDebInfo|Win32.Build.0 = RelWithDebInfo|Win32
		{E97C3DE4-77D0-3D8A-A62B-2E9310952CDA}.Debug|Win32.ActiveCfg = Debug|Win32
		{E97C3DE4-77D0-3D8A-A62B-2E9310952CDA}.Debug|Win32.Build.0 = Debug|Win32
		{E97C3DE4-77D0-3D8A-A62B-2E9310952CDA}.Release|Win32.ActiveCfg = Release|Win32
		{E97C3DE4-77D0-3D8A-A62B-2E9310952CDA}.Release|Win32.Build.0 = Release|Win32
		{E97C3DE4-77D0-3D8A-A62B-2E9310952CDA}.MinSizeRel|Win32.ActiveCfg = MinSizeRel|Win32
		{E97C3DE4-77D0-3D8A-A62B-2E9310952CDA}.MinSizeRel|Win32.Build.0 = MinSizeRel|Win32
		{E97C3DE4-77D0-3D8A-A62B-2E9310952CDA}.RelWithDebInfo|Win32.ActiveCfg = RelWithDebInfo|Win32
		{E97C3DE4-77D0-3D8A-A62B-2E9310952CDA}.RelWithDebInfo|Win32.Build.0 = RelWithDebInfo|Win32
		{09CFE0BE-9DCA-37EC-B841-B2E000D3AD54}.Debug|Win32.ActiveCfg = Debug|Win32
		{09CFE0BE-9DCA-37EC-B841-B2E000D3AD54}.Debug|Win32.Build.0 = Debug|Win32
		{09CFE0BE-9DCA-37EC-B841-B2E000D3AD54}.Release|Win32.ActiveCfg = Release|Win32
		{09CFE0BE-9DCA-37EC-B841-B2E000D3AD54}.Release|Win32.Build.0 = Release|Win32
		{09CFE0BE-9DCA-37EC-B841-B2E000D3AD54}.MinSizeRel|Win32.ActiveCfg = MinSizeRel|Win32
		{09CFE0BE-9DCA-37EC-B841-B2E000D3AD54}.MinSizeRel|Win32.Build.0 = MinSizeRel|Win32
		{09CFE0BE-9DCA-37EC-B841-B2E000D3AD54}.RelWithDebInfo|Win32.ActiveCfg = RelWithDebInfo|Win32
		{09CFE0BE-9DCA-37EC-B841-B2E000D3AD54}.RelWithDebInfo|Win32.Build.0 = RelWithDebInfo|Win32
	EndGlobalSection
	GlobalSection(ExtensibilityGlobals) = postSolution
		SolutionGuid = {2A1F5785-B0F1-3DCD-9E68-D764749BDC5E}
	EndGlobalSection
	GlobalSection(ExtensibilityAddIns) = postSolution
	EndGlobalSection
EndGlobal
