<?xml version="1.0" encoding="utf-8"?>
<Project ToolsVersion="14.0" xmlns="http://schemas.microsoft.com/developer/msbuild/2003">
  <ItemGroup>
    <ClCompile Include="C:\Work\rco\Src\Extern\openal-soft\utils\bsincgen.c">
      <Filter>Source Files</Filter>
    </ClCompile>
  </ItemGroup>
  <ItemGroup>
    <CustomBuild Include="C:\Work\rco\Src\Extern\openal-soft\CMakeLists.txt" />
  </ItemGroup>
  <ItemGroup>
    <Filter Include="Source Files">
      <UniqueIdentifier>{C2416F92-CF39-3E9C-B7B9-E6722C561F6A}</UniqueIdentifier>
    </Filter>
  </ItemGroup>
</Project>
