Microsoft Visual Studio Solution File, Format Version 12.00
# Visual Studio 14
Project("{8BC9CEB8-8B4A-11D0-8D11-00A0C91BC942}") = "ALL_BUILD", "ALL_BUILD.vcxproj", "{964A0E90-CE77-3472-B708-C4EF27820475}"
	ProjectSection(ProjectDependencies) = postProject
		{1C29AD4D-BEC8-36BE-9DCE-C4F8CE5DA9EC} = {1C29AD4D-BEC8-36BE-9DCE-C4F8CE5DA9EC}
		{6E92896C-571F-307F-9ABC-494213DA8C0A} = {6E92896C-571F-307F-9ABC-494213DA8C0A}
		{AB7C9319-B279-320A-936B-D56400357D9E} = {AB7C9319-B279-320A-936B-D56400357D9E}
		{8916417A-B3C8-32D4-B17A-8B0271453F76} = {8916417A-B3C8-32D4-B17A-8B0271453F76}
		{8C099B9A-3132-38AB-A36A-C6504AC1FD62} = {8C099B9A-3132-38AB-A36A-C6504AC1FD62}
		{A447A3A3-D773-3B02-870E-B7F41FA6B4C5} = {A447A3A3-D773-3B02-870E-B7F41FA6B4C5}
		{1A8B34AD-8CFC-3E69-8114-0B4160F4E671} = {1A8B34AD-8CFC-3E69-8114-0B4160F4E671}
		{6D74821C-DF5E-35B0-B76F-3F3D99F7E8E5} = {6D74821C-DF5E-35B0-B76F-3F3D99F7E8E5}
	EndProjectSection
EndProject
Project("{8BC9CEB8-8B4A-11D0-8D11-00A0C91BC942}") = "INSTALL", "INSTALL.vcxproj", "{912BFD21-4ABE-3D45-8837-40E57322C57B}"
	ProjectSection(ProjectDependencies) = postProject
		{964A0E90-CE77-3472-B708-C4EF27820475} = {964A0E90-CE77-3472-B708-C4EF27820475}
		{6E92896C-571F-307F-9ABC-494213DA8C0A} = {6E92896C-571F-307F-9ABC-494213DA8C0A}
	EndProjectSection
EndProject
Project("{8BC9CEB8-8B4A-11D0-8D11-00A0C91BC942}") = "OpenAL32", "OpenAL32.vcxproj", "{1C29AD4D-BEC8-36BE-9DCE-C4F8CE5DA9EC}"
	ProjectSection(ProjectDependencies) = postProject
		{6E92896C-571F-307F-9ABC-494213DA8C0A} = {6E92896C-571F-307F-9ABC-494213DA8C0A}
		{8C099B9A-3132-38AB-A36A-C6504AC1FD62} = {8C099B9A-3132-38AB-A36A-C6504AC1FD62}
	EndProjectSection
EndProject
Project("{8BC9CEB8-8B4A-11D0-8D11-00A0C91BC942}") = "ZERO_CHECK", "ZERO_CHECK.vcxproj", "{6E92896C-571F-307F-9ABC-494213DA8C0A}"
	ProjectSection(ProjectDependencies) = postProject
	EndProjectSection
EndProject
Project("{8BC9CEB8-8B4A-11D0-8D11-00A0C91BC942}") = "altonegen", "altonegen.vcxproj", "{AB7C9319-B279-320A-936B-D56400357D9E}"
	ProjectSection(ProjectDependencies) = postProject
		{1C29AD4D-BEC8-36BE-9DCE-C4F8CE5DA9EC} = {1C29AD4D-BEC8-36BE-9DCE-C4F8CE5DA9EC}
		{6E92896C-571F-307F-9ABC-494213DA8C0A} = {6E92896C-571F-307F-9ABC-494213DA8C0A}
		{8C099B9A-3132-38AB-A36A-C6504AC1FD62} = {8C099B9A-3132-38AB-A36A-C6504AC1FD62}
		{6D74821C-DF5E-35B0-B76F-3F3D99F7E8E5} = {6D74821C-DF5E-35B0-B76F-3F3D99F7E8E5}
	EndProjectSection
EndProject
Project("{8BC9CEB8-8B4A-11D0-8D11-00A0C91BC942}") = "bsincgen", "bsincgen.vcxproj", "{8916417A-B3C8-32D4-B17A-8B0271453F76}"
	ProjectSection(ProjectDependencies) = postProject
		{6E92896C-571F-307F-9ABC-494213DA8C0A} = {6E92896C-571F-307F-9ABC-494213DA8C0A}
	EndProjectSection
EndProject
Project("{8BC9CEB8-8B4A-11D0-8D11-00A0C91BC942}") = "common", "common.vcxproj", "{8C099B9A-3132-38AB-A36A-C6504AC1FD62}"
	ProjectSection(ProjectDependencies) = postProject
		{6E92896C-571F-307F-9ABC-494213DA8C0A} = {6E92896C-571F-307F-9ABC-494213DA8C0A}
	EndProjectSection
EndProject
Project("{8BC9CEB8-8B4A-11D0-8D11-00A0C91BC942}") = "makehrtf", "makehrtf.vcxproj", "{A447A3A3-D773-3B02-870E-B7F41FA6B4C5}"
	ProjectSection(ProjectDependencies) = postProject
		{6E92896C-571F-307F-9ABC-494213DA8C0A} = {6E92896C-571F-307F-9ABC-494213DA8C0A}
	EndProjectSection
EndProject
Project("{8BC9CEB8-8B4A-11D0-8D11-00A0C91BC942}") = "openal-info", "openal-info.vcxproj", "{1A8B34AD-8CFC-3E69-8114-0B4160F4E671}"
	ProjectSection(ProjectDependencies) = postProject
		{1C29AD4D-BEC8-36BE-9DCE-C4F8CE5DA9EC} = {1C29AD4D-BEC8-36BE-9DCE-C4F8CE5DA9EC}
		{6E92896C-571F-307F-9ABC-494213DA8C0A} = {6E92896C-571F-307F-9ABC-494213DA8C0A}
		{8C099B9A-3132-38AB-A36A-C6504AC1FD62} = {8C099B9A-3132-38AB-A36A-C6504AC1FD62}
	EndProjectSection
EndProject
Project("{8BC9CEB8-8B4A-11D0-8D11-00A0C91BC942}") = "test-common", "test-common.vcxproj", "{6D74821C-DF5E-35B0-B76F-3F3D99F7E8E5}"
	ProjectSection(ProjectDependencies) = postProject
		{6E92896C-571F-307F-9ABC-494213DA8C0A} = {6E92896C-571F-307F-9ABC-494213DA8C0A}
	EndProjectSection
EndProject
Global
	GlobalSection(SolutionConfigurationPlatforms) = preSolution
		Debug|x64 = Debug|x64
		Release|x64 = Release|x64
		MinSizeRel|x64 = MinSizeRel|x64
		RelWithDebInfo|x64 = RelWithDebInfo|x64
	EndGlobalSection
	GlobalSection(ProjectConfigurationPlatforms) = postSolution
		{964A0E90-CE77-3472-B708-C4EF27820475}.Debug|x64.ActiveCfg = Debug|x64
		{964A0E90-CE77-3472-B708-C4EF27820475}.Debug|x64.Build.0 = Debug|x64
		{964A0E90-CE77-3472-B708-C4EF27820475}.Release|x64.ActiveCfg = Release|x64
		{964A0E90-CE77-3472-B708-C4EF27820475}.Release|x64.Build.0 = Release|x64
		{964A0E90-CE77-3472-B708-C4EF27820475}.MinSizeRel|x64.ActiveCfg = MinSizeRel|x64
		{964A0E90-CE77-3472-B708-C4EF27820475}.MinSizeRel|x64.Build.0 = MinSizeRel|x64
		{964A0E90-CE77-3472-B708-C4EF27820475}.RelWithDebInfo|x64.ActiveCfg = RelWithDebInfo|x64
		{964A0E90-CE77-3472-B708-C4EF27820475}.RelWithDebInfo|x64.Build.0 = RelWithDebInfo|x64
		{912BFD21-4ABE-3D45-8837-40E57322C57B}.Debug|x64.ActiveCfg = Debug|x64
		{912BFD21-4ABE-3D45-8837-40E57322C57B}.Release|x64.ActiveCfg = Release|x64
		{912BFD21-4ABE-3D45-8837-40E57322C57B}.MinSizeRel|x64.ActiveCfg = MinSizeRel|x64
		{912BFD21-4ABE-3D45-8837-40E57322C57B}.RelWithDebInfo|x64.ActiveCfg = RelWithDebInfo|x64
		{1C29AD4D-BEC8-36BE-9DCE-C4F8CE5DA9EC}.Debug|x64.ActiveCfg = Debug|x64
		{1C29AD4D-BEC8-36BE-9DCE-C4F8CE5DA9EC}.Debug|x64.Build.0 = Debug|x64
		{1C29AD4D-BEC8-36BE-9DCE-C4F8CE5DA9EC}.Release|x64.ActiveCfg = Release|x64
		{1C29AD4D-BEC8-36BE-9DCE-C4F8CE5DA9EC}.Release|x64.Build.0 = Release|x64
		{1C29AD4D-BEC8-36BE-9DCE-C4F8CE5DA9EC}.MinSizeRel|x64.ActiveCfg = MinSizeRel|x64
		{1C29AD4D-BEC8-36BE-9DCE-C4F8CE5DA9EC}.MinSizeRel|x64.Build.0 = MinSizeRel|x64
		{1C29AD4D-BEC8-36BE-9DCE-C4F8CE5DA9EC}.RelWithDebInfo|x64.ActiveCfg = RelWithDebInfo|x64
		{1C29AD4D-BEC8-36BE-9DCE-C4F8CE5DA9EC}.RelWithDebInfo|x64.Build.0 = RelWithDebInfo|x64
		{6E92896C-571F-307F-9ABC-494213DA8C0A}.Debug|x64.ActiveCfg = Debug|x64
		{6E92896C-571F-307F-9ABC-494213DA8C0A}.Debug|x64.Build.0 = Debug|x64
		{6E92896C-571F-307F-9ABC-494213DA8C0A}.Release|x64.ActiveCfg = Release|x64
		{6E92896C-571F-307F-9ABC-494213DA8C0A}.Release|x64.Build.0 = Release|x64
		{6E92896C-571F-307F-9ABC-494213DA8C0A}.MinSizeRel|x64.ActiveCfg = MinSizeRel|x64
		{6E92896C-571F-307F-9ABC-494213DA8C0A}.MinSizeRel|x64.Build.0 = MinSizeRel|x64
		{6E92896C-571F-307F-9ABC-494213DA8C0A}.RelWithDebInfo|x64.ActiveCfg = RelWithDebInfo|x64
		{6E92896C-571F-307F-9ABC-494213DA8C0A}.RelWithDebInfo|x64.Build.0 = RelWithDebInfo|x64
		{AB7C9319-B279-320A-936B-D56400357D9E}.Debug|x64.ActiveCfg = Debug|x64
		{AB7C9319-B279-320A-936B-D56400357D9E}.Debug|x64.Build.0 = Debug|x64
		{AB7C9319-B279-320A-936B-D56400357D9E}.Release|x64.ActiveCfg = Release|x64
		{AB7C9319-B279-320A-936B-D56400357D9E}.Release|x64.Build.0 = Release|x64
		{AB7C9319-B279-320A-936B-D56400357D9E}.MinSizeRel|x64.ActiveCfg = MinSizeRel|x64
		{AB7C9319-B279-320A-936B-D56400357D9E}.MinSizeRel|x64.Build.0 = MinSizeRel|x64
		{AB7C9319-B279-320A-936B-D56400357D9E}.RelWithDebInfo|x64.ActiveCfg = RelWithDebInfo|x64
		{AB7C9319-B279-320A-936B-D56400357D9E}.RelWithDebInfo|x64.Build.0 = RelWithDebInfo|x64
		{8916417A-B3C8-32D4-B17A-8B0271453F76}.Debug|x64.ActiveCfg = Debug|x64
		{8916417A-B3C8-32D4-B17A-8B0271453F76}.Debug|x64.Build.0 = Debug|x64
		{8916417A-B3C8-32D4-B17A-8B0271453F76}.Release|x64.ActiveCfg = Release|x64
		{8916417A-B3C8-32D4-B17A-8B0271453F76}.Release|x64.Build.0 = Release|x64
		{8916417A-B3C8-32D4-B17A-8B0271453F76}.MinSizeRel|x64.ActiveCfg = MinSizeRel|x64
		{8916417A-B3C8-32D4-B17A-8B0271453F76}.MinSizeRel|x64.Build.0 = MinSizeRel|x64
		{8916417A-B3C8-32D4-B17A-8B0271453F76}.RelWithDebInfo|x64.ActiveCfg = RelWithDebInfo|x64
		{8916417A-B3C8-32D4-B17A-8B0271453F76}.RelWithDebInfo|x64.Build.0 = RelWithDebInfo|x64
		{8C099B9A-3132-38AB-A36A-C6504AC1FD62}.Debug|x64.ActiveCfg = Debug|x64
		{8C099B9A-3132-38AB-A36A-C6504AC1FD62}.Debug|x64.Build.0 = Debug|x64
		{8C099B9A-3132-38AB-A36A-C6504AC1FD62}.Release|x64.ActiveCfg = Release|x64
		{8C099B9A-3132-38AB-A36A-C6504AC1FD62}.Release|x64.Build.0 = Release|x64
		{8C099B9A-3132-38AB-A36A-C6504AC1FD62}.MinSizeRel|x64.ActiveCfg = MinSizeRel|x64
		{8C099B9A-3132-38AB-A36A-C6504AC1FD62}.MinSizeRel|x64.Build.0 = MinSizeRel|x64
		{8C099B9A-3132-38AB-A36A-C6504AC1FD62}.RelWithDebInfo|x64.ActiveCfg = RelWithDebInfo|x64
		{8C099B9A-3132-38AB-A36A-C6504AC1FD62}.RelWithDebInfo|x64.Build.0 = RelWithDebInfo|x64
		{A447A3A3-D773-3B02-870E-B7F41FA6B4C5}.Debug|x64.ActiveCfg = Debug|x64
		{A447A3A3-D773-3B02-870E-B7F41FA6B4C5}.Debug|x64.Build.0 = Debug|x64
		{A447A3A3-D773-3B02-870E-B7F41FA6B4C5}.Release|x64.ActiveCfg = Release|x64
		{A447A3A3-D773-3B02-870E-B7F41FA6B4C5}.Release|x64.Build.0 = Release|x64
		{A447A3A3-D773-3B02-870E-B7F41FA6B4C5}.MinSizeRel|x64.ActiveCfg = MinSizeRel|x64
		{A447A3A3-D773-3B02-870E-B7F41FA6B4C5}.MinSizeRel|x64.Build.0 = MinSizeRel|x64
		{A447A3A3-D773-3B02-870E-B7F41FA6B4C5}.RelWithDebInfo|x64.ActiveCfg = RelWithDebInfo|x64
		{A447A3A3-D773-3B02-870E-B7F41FA6B4C5}.RelWithDebInfo|x64.Build.0 = RelWithDebInfo|x64
		{1A8B34AD-8CFC-3E69-8114-0B4160F4E671}.Debug|x64.ActiveCfg = Debug|x64
		{1A8B34AD-8CFC-3E69-8114-0B4160F4E671}.Debug|x64.Build.0 = Debug|x64
		{1A8B34AD-8CFC-3E69-8114-0B4160F4E671}.Release|x64.ActiveCfg = Release|x64
		{1A8B34AD-8CFC-3E69-8114-0B4160F4E671}.Release|x64.Build.0 = Release|x64
		{1A8B34AD-8CFC-3E69-8114-0B4160F4E671}.MinSizeRel|x64.ActiveCfg = MinSizeRel|x64
		{1A8B34AD-8CFC-3E69-8114-0B4160F4E671}.MinSizeRel|x64.Build.0 = MinSizeRel|x64
		{1A8B34AD-8CFC-3E69-8114-0B4160F4E671}.RelWithDebInfo|x64.ActiveCfg = RelWithDebInfo|x64
		{1A8B34AD-8CFC-3E69-8114-0B4160F4E671}.RelWithDebInfo|x64.Build.0 = RelWithDebInfo|x64
		{6D74821C-DF5E-35B0-B76F-3F3D99F7E8E5}.Debug|x64.ActiveCfg = Debug|x64
		{6D74821C-DF5E-35B0-B76F-3F3D99F7E8E5}.Debug|x64.Build.0 = Debug|x64
		{6D74821C-DF5E-35B0-B76F-3F3D99F7E8E5}.Release|x64.ActiveCfg = Release|x64
		{6D74821C-DF5E-35B0-B76F-3F3D99F7E8E5}.Release|x64.Build.0 = Release|x64
		{6D74821C-DF5E-35B0-B76F-3F3D99F7E8E5}.MinSizeRel|x64.ActiveCfg = MinSizeRel|x64
		{6D74821C-DF5E-35B0-B76F-3F3D99F7E8E5}.MinSizeRel|x64.Build.0 = MinSizeRel|x64
		{6D74821C-DF5E-35B0-B76F-3F3D99F7E8E5}.RelWithDebInfo|x64.ActiveCfg = RelWithDebInfo|x64
		{6D74821C-DF5E-35B0-B76F-3F3D99F7E8E5}.RelWithDebInfo|x64.Build.0 = RelWithDebInfo|x64
	EndGlobalSection
	GlobalSection(ExtensibilityGlobals) = postSolution
		SolutionGuid = {769357B3-FB07-3109-9EB3-32065968E9D2}
	EndGlobalSection
	GlobalSection(ExtensibilityAddIns) = postSolution
	EndGlobalSection
EndGlobal
