Microsoft Visual Studio Solution File, Format Version 12.00
# Visual Studio 14
Project("{8BC9CEB8-8B4A-11D0-8D11-00A0C91BC942}") = "ALL_BUILD", "ALL_BUILD.vcxproj", "{9536ADCF-342B-3C2B-896C-09292B391689}"
	ProjectSection(ProjectDependencies) = postProject
		{DC6C1843-84E7-3C40-867B-B9123B9A42D1} = {DC6C1843-84E7-3C40-867B-B9123B9A42D1}
		{1A8BB26B-DCE2-3D65-97D4-C408D9826CAE} = {1A8BB26B-DCE2-3D65-97D4-C408D9826CAE}
		{B09F04BF-D528-3030-8198-DC6404120CD4} = {B09F04BF-D528-3030-8198-DC6404120CD4}
		{D56B74DB-E9A0-34E7-A486-D548462D06C9} = {D56B74DB-E9A0-34E7-A486-D548462D06C9}
		{B24AEDF5-B659-3BF5-A2EC-7100C7E928A4} = {B24AEDF5-B659-3BF5-A2EC-7100C7E928A4}
		{8D661975-F14D-3E0B-A987-EFB80CE05B94} = {8D661975-F14D-3E0B-A987-EFB80CE05B94}
		{2BC97968-D914-3B8B-875A-130F3EEA9878} = {2BC97968-D914-3B8B-875A-130F3EEA9878}
		{E4BFCB52-8276-3B2A-B632-B3549B1FE0AD} = {E4BFCB52-8276-3B2A-B632-B3549B1FE0AD}
	EndProjectSection
EndProject
Project("{8BC9CEB8-8B4A-11D0-8D11-00A0C91BC942}") = "INSTALL", "INSTALL.vcxproj", "{620E799C-8EC0-33B2-87A7-7518B954BEC4}"
	ProjectSection(ProjectDependencies) = postProject
		{9536ADCF-342B-3C2B-896C-09292B391689} = {9536ADCF-342B-3C2B-896C-09292B391689}
		{1A8BB26B-DCE2-3D65-97D4-C408D9826CAE} = {1A8BB26B-DCE2-3D65-97D4-C408D9826CAE}
	EndProjectSection
EndProject
Project("{8BC9CEB8-8B4A-11D0-8D11-00A0C91BC942}") = "OpenAL32", "OpenAL32.vcxproj", "{DC6C1843-84E7-3C40-867B-B9123B9A42D1}"
	ProjectSection(ProjectDependencies) = postProject
		{1A8BB26B-DCE2-3D65-97D4-C408D9826CAE} = {1A8BB26B-DCE2-3D65-97D4-C408D9826CAE}
		{B24AEDF5-B659-3BF5-A2EC-7100C7E928A4} = {B24AEDF5-B659-3BF5-A2EC-7100C7E928A4}
	EndProjectSection
EndProject
Project("{8BC9CEB8-8B4A-11D0-8D11-00A0C91BC942}") = "ZERO_CHECK", "ZERO_CHECK.vcxproj", "{1A8BB26B-DCE2-3D65-97D4-C408D9826CAE}"
	ProjectSection(ProjectDependencies) = postProject
	EndProjectSection
EndProject
Project("{8BC9CEB8-8B4A-11D0-8D11-00A0C91BC942}") = "altonegen", "altonegen.vcxproj", "{B09F04BF-D528-3030-8198-DC6404120CD4}"
	ProjectSection(ProjectDependencies) = postProject
		{DC6C1843-84E7-3C40-867B-B9123B9A42D1} = {DC6C1843-84E7-3C40-867B-B9123B9A42D1}
		{1A8BB26B-DCE2-3D65-97D4-C408D9826CAE} = {1A8BB26B-DCE2-3D65-97D4-C408D9826CAE}
		{B24AEDF5-B659-3BF5-A2EC-7100C7E928A4} = {B24AEDF5-B659-3BF5-A2EC-7100C7E928A4}
		{E4BFCB52-8276-3B2A-B632-B3549B1FE0AD} = {E4BFCB52-8276-3B2A-B632-B3549B1FE0AD}
	EndProjectSection
EndProject
Project("{8BC9CEB8-8B4A-11D0-8D11-00A0C91BC942}") = "bsincgen", "bsincgen.vcxproj", "{D56B74DB-E9A0-34E7-A486-D548462D06C9}"
	ProjectSection(ProjectDependencies) = postProject
		{1A8BB26B-DCE2-3D65-97D4-C408D9826CAE} = {1A8BB26B-DCE2-3D65-97D4-C408D9826CAE}
	EndProjectSection
EndProject
Project("{8BC9CEB8-8B4A-11D0-8D11-00A0C91BC942}") = "common", "common.vcxproj", "{B24AEDF5-B659-3BF5-A2EC-7100C7E928A4}"
	ProjectSection(ProjectDependencies) = postProject
		{1A8BB26B-DCE2-3D65-97D4-C408D9826CAE} = {1A8BB26B-DCE2-3D65-97D4-C408D9826CAE}
	EndProjectSection
EndProject
Project("{8BC9CEB8-8B4A-11D0-8D11-00A0C91BC942}") = "makehrtf", "makehrtf.vcxproj", "{8D661975-F14D-3E0B-A987-EFB80CE05B94}"
	ProjectSection(ProjectDependencies) = postProject
		{1A8BB26B-DCE2-3D65-97D4-C408D9826CAE} = {1A8BB26B-DCE2-3D65-97D4-C408D9826CAE}
	EndProjectSection
EndProject
Project("{8BC9CEB8-8B4A-11D0-8D11-00A0C91BC942}") = "openal-info", "openal-info.vcxproj", "{2BC97968-D914-3B8B-875A-130F3EEA9878}"
	ProjectSection(ProjectDependencies) = postProject
		{DC6C1843-84E7-3C40-867B-B9123B9A42D1} = {DC6C1843-84E7-3C40-867B-B9123B9A42D1}
		{1A8BB26B-DCE2-3D65-97D4-C408D9826CAE} = {1A8BB26B-DCE2-3D65-97D4-C408D9826CAE}
		{B24AEDF5-B659-3BF5-A2EC-7100C7E928A4} = {B24AEDF5-B659-3BF5-A2EC-7100C7E928A4}
	EndProjectSection
EndProject
Project("{8BC9CEB8-8B4A-11D0-8D11-00A0C91BC942}") = "test-common", "test-common.vcxproj", "{E4BFCB52-8276-3B2A-B632-B3549B1FE0AD}"
	ProjectSection(ProjectDependencies) = postProject
		{1A8BB26B-DCE2-3D65-97D4-C408D9826CAE} = {1A8BB26B-DCE2-3D65-97D4-C408D9826CAE}
	EndProjectSection
EndProject
Global
	GlobalSection(SolutionConfigurationPlatforms) = preSolution
		Debug|Win32 = Debug|Win32
		Release|Win32 = Release|Win32
		MinSizeRel|Win32 = MinSizeRel|Win32
		RelWithDebInfo|Win32 = RelWithDebInfo|Win32
	EndGlobalSection
	GlobalSection(ProjectConfigurationPlatforms) = postSolution
		{9536ADCF-342B-3C2B-896C-09292B391689}.Debug|Win32.ActiveCfg = Debug|Win32
		{9536ADCF-342B-3C2B-896C-09292B391689}.Debug|Win32.Build.0 = Debug|Win32
		{9536ADCF-342B-3C2B-896C-09292B391689}.Release|Win32.ActiveCfg = Release|Win32
		{9536ADCF-342B-3C2B-896C-09292B391689}.Release|Win32.Build.0 = Release|Win32
		{9536ADCF-342B-3C2B-896C-09292B391689}.MinSizeRel|Win32.ActiveCfg = MinSizeRel|Win32
		{9536ADCF-342B-3C2B-896C-09292B391689}.MinSizeRel|Win32.Build.0 = MinSizeRel|Win32
		{9536ADCF-342B-3C2B-896C-09292B391689}.RelWithDebInfo|Win32.ActiveCfg = RelWithDebInfo|Win32
		{9536ADCF-342B-3C2B-896C-09292B391689}.RelWithDebInfo|Win32.Build.0 = RelWithDebInfo|Win32
		{620E799C-8EC0-33B2-87A7-7518B954BEC4}.Debug|Win32.ActiveCfg = Debug|Win32
		{620E799C-8EC0-33B2-87A7-7518B954BEC4}.Release|Win32.ActiveCfg = Release|Win32
		{620E799C-8EC0-33B2-87A7-7518B954BEC4}.MinSizeRel|Win32.ActiveCfg = MinSizeRel|Win32
		{620E799C-8EC0-33B2-87A7-7518B954BEC4}.RelWithDebInfo|Win32.ActiveCfg = RelWithDebInfo|Win32
		{DC6C1843-84E7-3C40-867B-B9123B9A42D1}.Debug|Win32.ActiveCfg = Debug|Win32
		{DC6C1843-84E7-3C40-867B-B9123B9A42D1}.Debug|Win32.Build.0 = Debug|Win32
		{DC6C1843-84E7-3C40-867B-B9123B9A42D1}.Release|Win32.ActiveCfg = Release|Win32
		{DC6C1843-84E7-3C40-867B-B9123B9A42D1}.Release|Win32.Build.0 = Release|Win32
		{DC6C1843-84E7-3C40-867B-B9123B9A42D1}.MinSizeRel|Win32.ActiveCfg = MinSizeRel|Win32
		{DC6C1843-84E7-3C40-867B-B9123B9A42D1}.MinSizeRel|Win32.Build.0 = MinSizeRel|Win32
		{DC6C1843-84E7-3C40-867B-B9123B9A42D1}.RelWithDebInfo|Win32.ActiveCfg = RelWithDebInfo|Win32
		{DC6C1843-84E7-3C40-867B-B9123B9A42D1}.RelWithDebInfo|Win32.Build.0 = RelWithDebInfo|Win32
		{1A8BB26B-DCE2-3D65-97D4-C408D9826CAE}.Debug|Win32.ActiveCfg = Debug|Win32
		{1A8BB26B-DCE2-3D65-97D4-C408D9826CAE}.Debug|Win32.Build.0 = Debug|Win32
		{1A8BB26B-DCE2-3D65-97D4-C408D9826CAE}.Release|Win32.ActiveCfg = Release|Win32
		{1A8BB26B-DCE2-3D65-97D4-C408D9826CAE}.Release|Win32.Build.0 = Release|Win32
		{1A8BB26B-DCE2-3D65-97D4-C408D9826CAE}.MinSizeRel|Win32.ActiveCfg = MinSizeRel|Win32
		{1A8BB26B-DCE2-3D65-97D4-C408D9826CAE}.MinSizeRel|Win32.Build.0 = MinSizeRel|Win32
		{1A8BB26B-DCE2-3D65-97D4-C408D9826CAE}.RelWithDebInfo|Win32.ActiveCfg = RelWithDebInfo|Win32
		{1A8BB26B-DCE2-3D65-97D4-C408D9826CAE}.RelWithDebInfo|Win32.Build.0 = RelWithDebInfo|Win32
		{B09F04BF-D528-3030-8198-DC6404120CD4}.Debug|Win32.ActiveCfg = Debug|Win32
		{B09F04BF-D528-3030-8198-DC6404120CD4}.Debug|Win32.Build.0 = Debug|Win32
		{B09F04BF-D528-3030-8198-DC6404120CD4}.Release|Win32.ActiveCfg = Release|Win32
		{B09F04BF-D528-3030-8198-DC6404120CD4}.Release|Win32.Build.0 = Release|Win32
		{B09F04BF-D528-3030-8198-DC6404120CD4}.MinSizeRel|Win32.ActiveCfg = MinSizeRel|Win32
		{B09F04BF-D528-3030-8198-DC6404120CD4}.MinSizeRel|Win32.Build.0 = MinSizeRel|Win32
		{B09F04BF-D528-3030-8198-DC6404120CD4}.RelWithDebInfo|Win32.ActiveCfg = RelWithDebInfo|Win32
		{B09F04BF-D528-3030-8198-DC6404120CD4}.RelWithDebInfo|Win32.Build.0 = RelWithDebInfo|Win32
		{D56B74DB-E9A0-34E7-A486-D548462D06C9}.Debug|Win32.ActiveCfg = Debug|Win32
		{D56B74DB-E9A0-34E7-A486-D548462D06C9}.Debug|Win32.Build.0 = Debug|Win32
		{D56B74DB-E9A0-34E7-A486-D548462D06C9}.Release|Win32.ActiveCfg = Release|Win32
		{D56B74DB-E9A0-34E7-A486-D548462D06C9}.Release|Win32.Build.0 = Release|Win32
		{D56B74DB-E9A0-34E7-A486-D548462D06C9}.MinSizeRel|Win32.ActiveCfg = MinSizeRel|Win32
		{D56B74DB-E9A0-34E7-A486-D548462D06C9}.MinSizeRel|Win32.Build.0 = MinSizeRel|Win32
		{D56B74DB-E9A0-34E7-A486-D548462D06C9}.RelWithDebInfo|Win32.ActiveCfg = RelWithDebInfo|Win32
		{D56B74DB-E9A0-34E7-A486-D548462D06C9}.RelWithDebInfo|Win32.Build.0 = RelWithDebInfo|Win32
		{B24AEDF5-B659-3BF5-A2EC-7100C7E928A4}.Debug|Win32.ActiveCfg = Debug|Win32
		{B24AEDF5-B659-3BF5-A2EC-7100C7E928A4}.Debug|Win32.Build.0 = Debug|Win32
		{B24AEDF5-B659-3BF5-A2EC-7100C7E928A4}.Release|Win32.ActiveCfg = Release|Win32
		{B24AEDF5-B659-3BF5-A2EC-7100C7E928A4}.Release|Win32.Build.0 = Release|Win32
		{B24AEDF5-B659-3BF5-A2EC-7100C7E928A4}.MinSizeRel|Win32.ActiveCfg = MinSizeRel|Win32
		{B24AEDF5-B659-3BF5-A2EC-7100C7E928A4}.MinSizeRel|Win32.Build.0 = MinSizeRel|Win32
		{B24AEDF5-B659-3BF5-A2EC-7100C7E928A4}.RelWithDebInfo|Win32.ActiveCfg = RelWithDebInfo|Win32
		{B24AEDF5-B659-3BF5-A2EC-7100C7E928A4}.RelWithDebInfo|Win32.Build.0 = RelWithDebInfo|Win32
		{8D661975-F14D-3E0B-A987-EFB80CE05B94}.Debug|Win32.ActiveCfg = Debug|Win32
		{8D661975-F14D-3E0B-A987-EFB80CE05B94}.Debug|Win32.Build.0 = Debug|Win32
		{8D661975-F14D-3E0B-A987-EFB80CE05B94}.Release|Win32.ActiveCfg = Release|Win32
		{8D661975-F14D-3E0B-A987-EFB80CE05B94}.Release|Win32.Build.0 = Release|Win32
		{8D661975-F14D-3E0B-A987-EFB80CE05B94}.MinSizeRel|Win32.ActiveCfg = MinSizeRel|Win32
		{8D661975-F14D-3E0B-A987-EFB80CE05B94}.MinSizeRel|Win32.Build.0 = MinSizeRel|Win32
		{8D661975-F14D-3E0B-A987-EFB80CE05B94}.RelWithDebInfo|Win32.ActiveCfg = RelWithDebInfo|Win32
		{8D661975-F14D-3E0B-A987-EFB80CE05B94}.RelWithDebInfo|Win32.Build.0 = RelWithDebInfo|Win32
		{2BC97968-D914-3B8B-875A-130F3EEA9878}.Debug|Win32.ActiveCfg = Debug|Win32
		{2BC97968-D914-3B8B-875A-130F3EEA9878}.Debug|Win32.Build.0 = Debug|Win32
		{2BC97968-D914-3B8B-875A-130F3EEA9878}.Release|Win32.ActiveCfg = Release|Win32
		{2BC97968-D914-3B8B-875A-130F3EEA9878}.Release|Win32.Build.0 = Release|Win32
		{2BC97968-D914-3B8B-875A-130F3EEA9878}.MinSizeRel|Win32.ActiveCfg = MinSizeRel|Win32
		{2BC97968-D914-3B8B-875A-130F3EEA9878}.MinSizeRel|Win32.Build.0 = MinSizeRel|Win32
		{2BC97968-D914-3B8B-875A-130F3EEA9878}.RelWithDebInfo|Win32.ActiveCfg = RelWithDebInfo|Win32
		{2BC97968-D914-3B8B-875A-130F3EEA9878}.RelWithDebInfo|Win32.Build.0 = RelWithDebInfo|Win32
		{E4BFCB52-8276-3B2A-B632-B3549B1FE0AD}.Debug|Win32.ActiveCfg = Debug|Win32
		{E4BFCB52-8276-3B2A-B632-B3549B1FE0AD}.Debug|Win32.Build.0 = Debug|Win32
		{E4BFCB52-8276-3B2A-B632-B3549B1FE0AD}.Release|Win32.ActiveCfg = Release|Win32
		{E4BFCB52-8276-3B2A-B632-B3549B1FE0AD}.Release|Win32.Build.0 = Release|Win32
		{E4BFCB52-8276-3B2A-B632-B3549B1FE0AD}.MinSizeRel|Win32.ActiveCfg = MinSizeRel|Win32
		{E4BFCB52-8276-3B2A-B632-B3549B1FE0AD}.MinSizeRel|Win32.Build.0 = MinSizeRel|Win32
		{E4BFCB52-8276-3B2A-B632-B3549B1FE0AD}.RelWithDebInfo|Win32.ActiveCfg = RelWithDebInfo|Win32
		{E4BFCB52-8276-3B2A-B632-B3549B1FE0AD}.RelWithDebInfo|Win32.Build.0 = RelWithDebInfo|Win32
	EndGlobalSection
	GlobalSection(ExtensibilityGlobals) = postSolution
		SolutionGuid = {CAF5BB8A-A00B-3330-8027-10E3DF36672C}
	EndGlobalSection
	GlobalSection(ExtensibilityAddIns) = postSolution
	EndGlobalSection
EndGlobal
